
Microsoft Visual Studio Solution File, Format Version 12.00
# Visual Studio 15
VisualStudioVersion = 15.0.27428.2027
MinimumVisualStudioVersion = 10.0.40219.1
Project("{FAE04EC0-301F-11D3-BF4B-00C04F79EFBC}") = "AssignmentConvertGramOunce", "AssignmentConvertGramOunce\AssignmentConvertGramOunce.csproj", "{FE694063-90C2-40C0-B31F-120A3A08673C}"
EndProject
Project("{FAE04EC0-301F-11D3-BF4B-00C04F79EFBC}") = "UnitTestConversion", "UnitTestConversion\UnitTestConversion.csproj", "{1751B08B-E18A-469D-9F12-8BE4DD03D501}"
EndProject
Global
	GlobalSection(SolutionConfigurationPlatforms) = preSolution
		Debug|Any CPU = Debug|Any CPU
		Release|Any CPU = Release|Any CPU
	EndGlobalSection
	GlobalSection(ProjectConfigurationPlatforms) = postSolution
		{FE694063-90C2-40C0-B31F-120A3A08673C}.Debug|Any CPU.ActiveCfg = Debug|Any CPU
		{FE694063-90C2-40C0-B31F-120A3A08673C}.Debug|Any CPU.Build.0 = Debug|Any CPU
		{FE694063-90C2-40C0-B31F-120A3A08673C}.Release|Any CPU.ActiveCfg = Release|Any CPU
		{FE694063-90C2-40C0-B31F-120A3A08673C}.Release|Any CPU.Build.0 = Release|Any CPU
		{1751B08B-E18A-469D-9F12-8BE4DD03D501}.Debug|Any CPU.ActiveCfg = Debug|Any CPU
		{1751B08B-E18A-469D-9F12-8BE4DD03D501}.Debug|Any CPU.Build.0 = Debug|Any CPU
		{1751B08B-E18A-469D-9F12-8BE4DD03D501}.Release|Any CPU.ActiveCfg = Release|Any CPU
		{1751B08B-E18A-469D-9F12-8BE4DD03D501}.Release|Any CPU.Build.0 = Release|Any CPU
	EndGlobalSection
	GlobalSection(SolutionProperties) = preSolution
		HideSolutionNode = FALSE
	EndGlobalSection
	GlobalSection(ExtensibilityGlobals) = postSolution
		SolutionGuid = {4B6B4D16-D75D-4396-A80B-5AF5A51A1925}
	EndGlobalSection
EndGlobal
